
Microsoft Visual Studio Solution File, Format Version 12.00
# Visual Studio 15
VisualStudioVersion = 15.0.27004.2010
MinimumVisualStudioVersion = 10.0.40219.1
Project("{8BC9CEB8-8B4A-11D0-8D11-00A0C91BC942}") = "c-like-to-x86", "c-like-to-x86\c-like-to-x86.vcxproj", "{C6F798E7-1D1E-4CA1-A38F-A301670D2ECE}"
EndProject
Project("{FAE04EC0-301F-11D3-BF4B-00C04F79EFBC}") = "Tests", "Tests\Tests.csproj", "{600A7171-6CDB-4D42-9FB8-D786C16544AB}"
EndProject
Global
	GlobalSection(SolutionConfigurationPlatforms) = preSolution
		Debug|Any CPU = Debug|Any CPU
		Debug|x64 = Debug|x64
		Debug|x86 = Debug|x86
		Release|Any CPU = Release|Any CPU
		Release|x64 = Release|x64
		Release|x86 = Release|x86
	EndGlobalSection
	GlobalSection(ProjectConfigurationPlatforms) = postSolution
		{C6F798E7-1D1E-4CA1-A38F-A301670D2ECE}.Debug|Any CPU.ActiveCfg = Debug|Win32
		{C6F798E7-1D1E-4CA1-A38F-A301670D2ECE}.Debug|x64.ActiveCfg = Debug|x64
		{C6F798E7-1D1E-4CA1-A38F-A301670D2ECE}.Debug|x64.Build.0 = Debug|x64
		{C6F798E7-1D1E-4CA1-A38F-A301670D2ECE}.Debug|x86.ActiveCfg = Debug|Win32
		{C6F798E7-1D1E-4CA1-A38F-A301670D2ECE}.Debug|x86.Build.0 = Debug|Win32
		{C6F798E7-1D1E-4CA1-A38F-A301670D2ECE}.Release|Any CPU.ActiveCfg = Release|Win32
		{C6F798E7-1D1E-4CA1-A38F-A301670D2ECE}.Release|x64.ActiveCfg = Release|x64
		{C6F798E7-1D1E-4CA1-A38F-A301670D2ECE}.Release|x64.Build.0 = Release|x64
		{C6F798E7-1D1E-4CA1-A38F-A301670D2ECE}.Release|x86.ActiveCfg = Release|Win32
		{C6F798E7-1D1E-4CA1-A38F-A301670D2ECE}.Release|x86.Build.0 = Release|Win32
		{600A7171-6CDB-4D42-9FB8-D786C16544AB}.Debug|Any CPU.ActiveCfg = Debug|Any CPU
		{600A7171-6CDB-4D42-9FB8-D786C16544AB}.Debug|Any CPU.Build.0 = Debug|Any CPU
		{600A7171-6CDB-4D42-9FB8-D786C16544AB}.Debug|x64.ActiveCfg = Debug|Any CPU
		{600A7171-6CDB-4D42-9FB8-D786C16544AB}.Debug|x64.Build.0 = Debug|Any CPU
		{600A7171-6CDB-4D42-9FB8-D786C16544AB}.Debug|x86.ActiveCfg = Debug|Any CPU
		{600A7171-6CDB-4D42-9FB8-D786C16544AB}.Debug|x86.Build.0 = Debug|Any CPU
		{600A7171-6CDB-4D42-9FB8-D786C16544AB}.Release|Any CPU.ActiveCfg = Release|Any CPU
		{600A7171-6CDB-4D42-9FB8-D786C16544AB}.Release|Any CPU.Build.0 = Release|Any CPU
		{600A7171-6CDB-4D42-9FB8-D786C16544AB}.Release|x64.ActiveCfg = Release|Any CPU
		{600A7171-6CDB-4D42-9FB8-D786C16544AB}.Release|x64.Build.0 = Release|Any CPU
		{600A7171-6CDB-4D42-9FB8-D786C16544AB}.Release|x86.ActiveCfg = Release|Any CPU
		{600A7171-6CDB-4D42-9FB8-D786C16544AB}.Release|x86.Build.0 = Release|Any CPU
	EndGlobalSection
	GlobalSection(SolutionProperties) = preSolution
		HideSolutionNode = FALSE
	EndGlobalSection
	GlobalSection(ExtensibilityGlobals) = postSolution
		SolutionGuid = {AC9CE8B6-1E24-4AE8-83A3-FD61DEE46CBA}
	EndGlobalSection
EndGlobal
